
Microsoft Visual Studio Solution File, Format Version 12.00
# Visual Studio 15
VisualStudioVersion = 15.0.28010.2041
MinimumVisualStudioVersion = 10.0.40219.1
Project("{8BC9CEB8-8B4A-11D0-8D11-00A0C91BC942}") = "dwh", "dwh\dwh.vcxproj", "{CBF2EB6D-0ABE-4D1C-B80C-0308AFC3CE5F}"
EndProject
Project("{8BC9CEB8-8B4A-11D0-8D11-00A0C91BC942}") = "dwh_service", "dwh_service\dwh_service.vcxproj", "{FB162ACE-0D27-4C9E-B3DF-A82995CC9B18}"
	ProjectSection(ProjectDependencies) = postProject
		{CBF2EB6D-0ABE-4D1C-B80C-0308AFC3CE5F} = {CBF2EB6D-0ABE-4D1C-B80C-0308AFC3CE5F}
		{830AB681-B788-47D4-9767-BA4E0792F682} = {830AB681-B788-47D4-9767-BA4E0792F682}
		{39953D8D-A830-46BD-917E-1A96C8BDADC6} = {39953D8D-A830-46BD-917E-1A96C8BDADC6}
	EndProjectSection
EndProject
Project("{8BC9CEB8-8B4A-11D0-8D11-00A0C91BC942}") = "dwh_authority", "dwh_authority\dwh_authority.vcxproj", "{9FE7ED58-B8B0-4784-91FD-4CFF6457F57B}"
	ProjectSection(ProjectDependencies) = postProject
		{CBF2EB6D-0ABE-4D1C-B80C-0308AFC3CE5F} = {CBF2EB6D-0ABE-4D1C-B80C-0308AFC3CE5F}
		{830AB681-B788-47D4-9767-BA4E0792F682} = {830AB681-B788-47D4-9767-BA4E0792F682}
		{39953D8D-A830-46BD-917E-1A96C8BDADC6} = {39953D8D-A830-46BD-917E-1A96C8BDADC6}
	EndProjectSection
EndProject
Project("{8BC9CEB8-8B4A-11D0-8D11-00A0C91BC942}") = "llc", "..\gpk\llc\llc.vcxproj", "{830AB681-B788-47D4-9767-BA4E0792F682}"
EndProject
Project("{8BC9CEB8-8B4A-11D0-8D11-00A0C91BC942}") = "gpk", "..\gpk\gpk\gpk.vcxproj", "{39953D8D-A830-46BD-917E-1A96C8BDADC6}"
EndProject
Project("{8BC9CEB8-8B4A-11D0-8D11-00A0C91BC942}") = "dwh_test_db", "dwh_test_db\dwh_test_db.vcxproj", "{8B15D3E6-9F4A-47D6-A3B6-3347BDEA0FED}"
	ProjectSection(ProjectDependencies) = postProject
		{CBF2EB6D-0ABE-4D1C-B80C-0308AFC3CE5F} = {CBF2EB6D-0ABE-4D1C-B80C-0308AFC3CE5F}
		{830AB681-B788-47D4-9767-BA4E0792F682} = {830AB681-B788-47D4-9767-BA4E0792F682}
		{39953D8D-A830-46BD-917E-1A96C8BDADC6} = {39953D8D-A830-46BD-917E-1A96C8BDADC6}
	EndProjectSection
EndProject
Project("{8BC9CEB8-8B4A-11D0-8D11-00A0C91BC942}") = "dwh_test_session", "dwh_test_session\dwh_test_session.vcxproj", "{DD82516E-45EF-4DBB-9799-982E38BAF55B}"
	ProjectSection(ProjectDependencies) = postProject
		{CBF2EB6D-0ABE-4D1C-B80C-0308AFC3CE5F} = {CBF2EB6D-0ABE-4D1C-B80C-0308AFC3CE5F}
		{830AB681-B788-47D4-9767-BA4E0792F682} = {830AB681-B788-47D4-9767-BA4E0792F682}
		{39953D8D-A830-46BD-917E-1A96C8BDADC6} = {39953D8D-A830-46BD-917E-1A96C8BDADC6}
	EndProjectSection
EndProject
Project("{8BC9CEB8-8B4A-11D0-8D11-00A0C91BC942}") = "dwh_client", "dwh_client\dwh_client.vcxproj", "{DC42793C-252E-4566-809D-1A02415D2569}"
	ProjectSection(ProjectDependencies) = postProject
		{CBF2EB6D-0ABE-4D1C-B80C-0308AFC3CE5F} = {CBF2EB6D-0ABE-4D1C-B80C-0308AFC3CE5F}
		{830AB681-B788-47D4-9767-BA4E0792F682} = {830AB681-B788-47D4-9767-BA4E0792F682}
		{39953D8D-A830-46BD-917E-1A96C8BDADC6} = {39953D8D-A830-46BD-917E-1A96C8BDADC6}
	EndProjectSection
EndProject
Project("{8BC9CEB8-8B4A-11D0-8D11-00A0C91BC942}") = "test_dwh_chat_server", "test_dwh_chat_server\test_dwh_chat_server.vcxproj", "{857DCF23-6A3B-406E-88FC-D305977F5C26}"
	ProjectSection(ProjectDependencies) = postProject
		{CBF2EB6D-0ABE-4D1C-B80C-0308AFC3CE5F} = {CBF2EB6D-0ABE-4D1C-B80C-0308AFC3CE5F}
		{830AB681-B788-47D4-9767-BA4E0792F682} = {830AB681-B788-47D4-9767-BA4E0792F682}
		{39953D8D-A830-46BD-917E-1A96C8BDADC6} = {39953D8D-A830-46BD-917E-1A96C8BDADC6}
	EndProjectSection
EndProject
Project("{8BC9CEB8-8B4A-11D0-8D11-00A0C91BC942}") = "test_dwh_chat_client", "test_dwh_chat_client\test_dwh_chat_client.vcxproj", "{FE58EAFA-3DBB-4A77-A865-43C597775A49}"
	ProjectSection(ProjectDependencies) = postProject
		{CBF2EB6D-0ABE-4D1C-B80C-0308AFC3CE5F} = {CBF2EB6D-0ABE-4D1C-B80C-0308AFC3CE5F}
		{830AB681-B788-47D4-9767-BA4E0792F682} = {830AB681-B788-47D4-9767-BA4E0792F682}
		{39953D8D-A830-46BD-917E-1A96C8BDADC6} = {39953D8D-A830-46BD-917E-1A96C8BDADC6}
	EndProjectSection
EndProject
Project("{8BC9CEB8-8B4A-11D0-8D11-00A0C91BC942}") = "dwh_test_table", "dwh_test_table\dwh_test_table.vcxproj", "{94AE926F-8943-4031-8C59-5EC0897E2B9E}"
	ProjectSection(ProjectDependencies) = postProject
		{CBF2EB6D-0ABE-4D1C-B80C-0308AFC3CE5F} = {CBF2EB6D-0ABE-4D1C-B80C-0308AFC3CE5F}
		{830AB681-B788-47D4-9767-BA4E0792F682} = {830AB681-B788-47D4-9767-BA4E0792F682}
		{39953D8D-A830-46BD-917E-1A96C8BDADC6} = {39953D8D-A830-46BD-917E-1A96C8BDADC6}
	EndProjectSection
EndProject
Global
	GlobalSection(SolutionConfigurationPlatforms) = preSolution
		Debug|x64 = Debug|x64
		Debug|x86 = Debug|x86
		Release|x64 = Release|x64
		Release|x86 = Release|x86
	EndGlobalSection
	GlobalSection(ProjectConfigurationPlatforms) = postSolution
		{CBF2EB6D-0ABE-4D1C-B80C-0308AFC3CE5F}.Debug|x64.ActiveCfg = Debug|x64
		{CBF2EB6D-0ABE-4D1C-B80C-0308AFC3CE5F}.Debug|x64.Build.0 = Debug|x64
		{CBF2EB6D-0ABE-4D1C-B80C-0308AFC3CE5F}.Debug|x86.ActiveCfg = Debug|Win32
		{CBF2EB6D-0ABE-4D1C-B80C-0308AFC3CE5F}.Debug|x86.Build.0 = Debug|Win32
		{CBF2EB6D-0ABE-4D1C-B80C-0308AFC3CE5F}.Release|x64.ActiveCfg = Release|x64
		{CBF2EB6D-0ABE-4D1C-B80C-0308AFC3CE5F}.Release|x64.Build.0 = Release|x64
		{CBF2EB6D-0ABE-4D1C-B80C-0308AFC3CE5F}.Release|x86.ActiveCfg = Release|Win32
		{CBF2EB6D-0ABE-4D1C-B80C-0308AFC3CE5F}.Release|x86.Build.0 = Release|Win32
		{FB162ACE-0D27-4C9E-B3DF-A82995CC9B18}.Debug|x64.ActiveCfg = Debug|x64
		{FB162ACE-0D27-4C9E-B3DF-A82995CC9B18}.Debug|x64.Build.0 = Debug|x64
		{FB162ACE-0D27-4C9E-B3DF-A82995CC9B18}.Debug|x86.ActiveCfg = Debug|Win32
		{FB162ACE-0D27-4C9E-B3DF-A82995CC9B18}.Debug|x86.Build.0 = Debug|Win32
		{FB162ACE-0D27-4C9E-B3DF-A82995CC9B18}.Release|x64.ActiveCfg = Release|x64
		{FB162ACE-0D27-4C9E-B3DF-A82995CC9B18}.Release|x64.Build.0 = Release|x64
		{FB162ACE-0D27-4C9E-B3DF-A82995CC9B18}.Release|x86.ActiveCfg = Release|Win32
		{FB162ACE-0D27-4C9E-B3DF-A82995CC9B18}.Release|x86.Build.0 = Release|Win32
		{9FE7ED58-B8B0-4784-91FD-4CFF6457F57B}.Debug|x64.ActiveCfg = Debug|x64
		{9FE7ED58-B8B0-4784-91FD-4CFF6457F57B}.Debug|x64.Build.0 = Debug|x64
		{9FE7ED58-B8B0-4784-91FD-4CFF6457F57B}.Debug|x86.ActiveCfg = Debug|Win32
		{9FE7ED58-B8B0-4784-91FD-4CFF6457F57B}.Debug|x86.Build.0 = Debug|Win32
		{9FE7ED58-B8B0-4784-91FD-4CFF6457F57B}.Release|x64.ActiveCfg = Release|x64
		{9FE7ED58-B8B0-4784-91FD-4CFF6457F57B}.Release|x64.Build.0 = Release|x64
		{9FE7ED58-B8B0-4784-91FD-4CFF6457F57B}.Release|x86.ActiveCfg = Release|Win32
		{9FE7ED58-B8B0-4784-91FD-4CFF6457F57B}.Release|x86.Build.0 = Release|Win32
		{830AB681-B788-47D4-9767-BA4E0792F682}.Debug|x64.ActiveCfg = Debug|x64
		{830AB681-B788-47D4-9767-BA4E0792F682}.Debug|x64.Build.0 = Debug|x64
		{830AB681-B788-47D4-9767-BA4E0792F682}.Debug|x86.ActiveCfg = Debug|Win32
		{830AB681-B788-47D4-9767-BA4E0792F682}.Debug|x86.Build.0 = Debug|Win32
		{830AB681-B788-47D4-9767-BA4E0792F682}.Release|x64.ActiveCfg = Release|x64
		{830AB681-B788-47D4-9767-BA4E0792F682}.Release|x64.Build.0 = Release|x64
		{830AB681-B788-47D4-9767-BA4E0792F682}.Release|x86.ActiveCfg = Release|Win32
		{830AB681-B788-47D4-9767-BA4E0792F682}.Release|x86.Build.0 = Release|Win32
		{39953D8D-A830-46BD-917E-1A96C8BDADC6}.Debug|x64.ActiveCfg = Debug|x64
		{39953D8D-A830-46BD-917E-1A96C8BDADC6}.Debug|x64.Build.0 = Debug|x64
		{39953D8D-A830-46BD-917E-1A96C8BDADC6}.Debug|x86.ActiveCfg = Debug|Win32
		{39953D8D-A830-46BD-917E-1A96C8BDADC6}.Debug|x86.Build.0 = Debug|Win32
		{39953D8D-A830-46BD-917E-1A96C8BDADC6}.Release|x64.ActiveCfg = Release|x64
		{39953D8D-A830-46BD-917E-1A96C8BDADC6}.Release|x64.Build.0 = Release|x64
		{39953D8D-A830-46BD-917E-1A96C8BDADC6}.Release|x86.ActiveCfg = Release|Win32
		{39953D8D-A830-46BD-917E-1A96C8BDADC6}.Release|x86.Build.0 = Release|Win32
		{8B15D3E6-9F4A-47D6-A3B6-3347BDEA0FED}.Debug|x64.ActiveCfg = Debug|x64
		{8B15D3E6-9F4A-47D6-A3B6-3347BDEA0FED}.Debug|x64.Build.0 = Debug|x64
		{8B15D3E6-9F4A-47D6-A3B6-3347BDEA0FED}.Debug|x86.ActiveCfg = Debug|Win32
		{8B15D3E6-9F4A-47D6-A3B6-3347BDEA0FED}.Debug|x86.Build.0 = Debug|Win32
		{8B15D3E6-9F4A-47D6-A3B6-3347BDEA0FED}.Release|x64.ActiveCfg = Release|x64
		{8B15D3E6-9F4A-47D6-A3B6-3347BDEA0FED}.Release|x64.Build.0 = Release|x64
		{8B15D3E6-9F4A-47D6-A3B6-3347BDEA0FED}.Release|x86.ActiveCfg = Release|Win32
		{8B15D3E6-9F4A-47D6-A3B6-3347BDEA0FED}.Release|x86.Build.0 = Release|Win32
		{DD82516E-45EF-4DBB-9799-982E38BAF55B}.Debug|x64.ActiveCfg = Debug|x64
		{DD82516E-45EF-4DBB-9799-982E38BAF55B}.Debug|x64.Build.0 = Debug|x64
		{DD82516E-45EF-4DBB-9799-982E38BAF55B}.Debug|x86.ActiveCfg = Debug|Win32
		{DD82516E-45EF-4DBB-9799-982E38BAF55B}.Debug|x86.Build.0 = Debug|Win32
		{DD82516E-45EF-4DBB-9799-982E38BAF55B}.Release|x64.ActiveCfg = Release|x64
		{DD82516E-45EF-4DBB-9799-982E38BAF55B}.Release|x64.Build.0 = Release|x64
		{DD82516E-45EF-4DBB-9799-982E38BAF55B}.Release|x86.ActiveCfg = Release|Win32
		{DD82516E-45EF-4DBB-9799-982E38BAF55B}.Release|x86.Build.0 = Release|Win32
		{DC42793C-252E-4566-809D-1A02415D2569}.Debug|x64.ActiveCfg = Debug|x64
		{DC42793C-252E-4566-809D-1A02415D2569}.Debug|x64.Build.0 = Debug|x64
		{DC42793C-252E-4566-809D-1A02415D2569}.Debug|x86.ActiveCfg = Debug|Win32
		{DC42793C-252E-4566-809D-1A02415D2569}.Debug|x86.Build.0 = Debug|Win32
		{DC42793C-252E-4566-809D-1A02415D2569}.Release|x64.ActiveCfg = Release|x64
		{DC42793C-252E-4566-809D-1A02415D2569}.Release|x64.Build.0 = Release|x64
		{DC42793C-252E-4566-809D-1A02415D2569}.Release|x86.ActiveCfg = Release|Win32
		{DC42793C-252E-4566-809D-1A02415D2569}.Release|x86.Build.0 = Release|Win32
		{857DCF23-6A3B-406E-88FC-D305977F5C26}.Debug|x64.ActiveCfg = Debug|x64
		{857DCF23-6A3B-406E-88FC-D305977F5C26}.Debug|x64.Build.0 = Debug|x64
		{857DCF23-6A3B-406E-88FC-D305977F5C26}.Debug|x86.ActiveCfg = Debug|Win32
		{857DCF23-6A3B-406E-88FC-D305977F5C26}.Debug|x86.Build.0 = Debug|Win32
		{857DCF23-6A3B-406E-88FC-D305977F5C26}.Release|x64.ActiveCfg = Release|x64
		{857DCF23-6A3B-406E-88FC-D305977F5C26}.Release|x64.Build.0 = Release|x64
		{857DCF23-6A3B-406E-88FC-D305977F5C26}.Release|x86.ActiveCfg = Release|Win32
		{857DCF23-6A3B-406E-88FC-D305977F5C26}.Release|x86.Build.0 = Release|Win32
		{FE58EAFA-3DBB-4A77-A865-43C597775A49}.Debug|x64.ActiveCfg = Debug|x64
		{FE58EAFA-3DBB-4A77-A865-43C597775A49}.Debug|x64.Build.0 = Debug|x64
		{FE58EAFA-3DBB-4A77-A865-43C597775A49}.Debug|x86.ActiveCfg = Debug|Win32
		{FE58EAFA-3DBB-4A77-A865-43C597775A49}.Debug|x86.Build.0 = Debug|Win32
		{FE58EAFA-3DBB-4A77-A865-43C597775A49}.Release|x64.ActiveCfg = Release|x64
		{FE58EAFA-3DBB-4A77-A865-43C597775A49}.Release|x64.Build.0 = Release|x64
		{FE58EAFA-3DBB-4A77-A865-43C597775A49}.Release|x86.ActiveCfg = Release|Win32
		{FE58EAFA-3DBB-4A77-A865-43C597775A49}.Release|x86.Build.0 = Release|Win32
		{94AE926F-8943-4031-8C59-5EC0897E2B9E}.Debug|x64.ActiveCfg = Debug|x64
		{94AE926F-8943-4031-8C59-5EC0897E2B9E}.Debug|x64.Build.0 = Debug|x64
		{94AE926F-8943-4031-8C59-5EC0897E2B9E}.Debug|x86.ActiveCfg = Debug|Win32
		{94AE926F-8943-4031-8C59-5EC0897E2B9E}.Debug|x86.Build.0 = Debug|Win32
		{94AE926F-8943-4031-8C59-5EC0897E2B9E}.Release|x64.ActiveCfg = Release|x64
		{94AE926F-8943-4031-8C59-5EC0897E2B9E}.Release|x64.Build.0 = Release|x64
		{94AE926F-8943-4031-8C59-5EC0897E2B9E}.Release|x86.ActiveCfg = Release|Win32
		{94AE926F-8943-4031-8C59-5EC0897E2B9E}.Release|x86.Build.0 = Release|Win32
	EndGlobalSection
	GlobalSection(SolutionProperties) = preSolution
		HideSolutionNode = FALSE
	EndGlobalSection
	GlobalSection(ExtensibilityGlobals) = postSolution
		SolutionGuid = {35EAD58D-D99B-45E4-B4E4-C418DD99FFB6}
	EndGlobalSection
EndGlobal
