
Microsoft Visual Studio Solution File, Format Version 12.00
# Visual Studio 15
VisualStudioVersion = 15.0.28010.2041
MinimumVisualStudioVersion = 10.0.40219.1
Project("{8BC9CEB8-8B4A-11D0-8D11-00A0C91BC942}") = "dwh", "dwh\dwh.vcxproj", "{CBF2EB6D-0ABE-4D1C-B80C-0308AFC3CE5F}"
EndProject
Project("{8BC9CEB8-8B4A-11D0-8D11-00A0C91BC942}") = "dwh_service", "dwh_service\dwh_service.vcxproj", "{FB162ACE-0D27-4C9E-B3DF-A82995CC9B18}"
	ProjectSection(ProjectDependencies) = postProject
		{CBF2EB6D-0ABE-4D1C-B80C-0308AFC3CE5F} = {CBF2EB6D-0ABE-4D1C-B80C-0308AFC3CE5F}
		{830AB681-B788-47D4-9767-BA4E0792F682} = {830AB681-B788-47D4-9767-BA4E0792F682}
		{39953D8D-A830-46BD-917E-1A96C8BDADC6} = {39953D8D-A830-46BD-917E-1A96C8BDADC6}
	EndProjectSection
EndProject
Project("{8BC9CEB8-8B4A-11D0-8D11-00A0C91BC942}") = "dwh_storage", "dwh_storage\dwh_storage.vcxproj", "{21FB1C44-33E1-41A5-B4D3-54492A2FCA71}"
	ProjectSection(ProjectDependencies) = postProject
		{CBF2EB6D-0ABE-4D1C-B80C-0308AFC3CE5F} = {CBF2EB6D-0ABE-4D1C-B80C-0308AFC3CE5F}
		{830AB681-B788-47D4-9767-BA4E0792F682} = {830AB681-B788-47D4-9767-BA4E0792F682}
		{39953D8D-A830-46BD-917E-1A96C8BDADC6} = {39953D8D-A830-46BD-917E-1A96C8BDADC6}
	EndProjectSection
EndProject
Project("{8BC9CEB8-8B4A-11D0-8D11-00A0C91BC942}") = "dwh_session", "dwh_session\dwh_session.vcxproj", "{697E3D7B-79B6-4347-ABD2-FE02B729BD85}"
	ProjectSection(ProjectDependencies) = postProject
		{CBF2EB6D-0ABE-4D1C-B80C-0308AFC3CE5F} = {CBF2EB6D-0ABE-4D1C-B80C-0308AFC3CE5F}
		{830AB681-B788-47D4-9767-BA4E0792F682} = {830AB681-B788-47D4-9767-BA4E0792F682}
		{39953D8D-A830-46BD-917E-1A96C8BDADC6} = {39953D8D-A830-46BD-917E-1A96C8BDADC6}
	EndProjectSection
EndProject
Project("{8BC9CEB8-8B4A-11D0-8D11-00A0C91BC942}") = "dwh_public", "dwh_public\dwh_public.vcxproj", "{732955DA-AAF3-4B2A-84C9-FAB03FAB982C}"
	ProjectSection(ProjectDependencies) = postProject
		{CBF2EB6D-0ABE-4D1C-B80C-0308AFC3CE5F} = {CBF2EB6D-0ABE-4D1C-B80C-0308AFC3CE5F}
		{830AB681-B788-47D4-9767-BA4E0792F682} = {830AB681-B788-47D4-9767-BA4E0792F682}
		{39953D8D-A830-46BD-917E-1A96C8BDADC6} = {39953D8D-A830-46BD-917E-1A96C8BDADC6}
	EndProjectSection
EndProject
Project("{8BC9CEB8-8B4A-11D0-8D11-00A0C91BC942}") = "dwh_private", "dwh_private\dwh_private.vcxproj", "{A34C0AE5-B9B1-4E2D-8FCE-16925EEDA3C6}"
	ProjectSection(ProjectDependencies) = postProject
		{CBF2EB6D-0ABE-4D1C-B80C-0308AFC3CE5F} = {CBF2EB6D-0ABE-4D1C-B80C-0308AFC3CE5F}
		{830AB681-B788-47D4-9767-BA4E0792F682} = {830AB681-B788-47D4-9767-BA4E0792F682}
		{39953D8D-A830-46BD-917E-1A96C8BDADC6} = {39953D8D-A830-46BD-917E-1A96C8BDADC6}
	EndProjectSection
EndProject
Project("{8BC9CEB8-8B4A-11D0-8D11-00A0C91BC942}") = "dwh_authority", "dwh_authority\dwh_authority.vcxproj", "{9FE7ED58-B8B0-4784-91FD-4CFF6457F57B}"
	ProjectSection(ProjectDependencies) = postProject
		{CBF2EB6D-0ABE-4D1C-B80C-0308AFC3CE5F} = {CBF2EB6D-0ABE-4D1C-B80C-0308AFC3CE5F}
		{830AB681-B788-47D4-9767-BA4E0792F682} = {830AB681-B788-47D4-9767-BA4E0792F682}
		{39953D8D-A830-46BD-917E-1A96C8BDADC6} = {39953D8D-A830-46BD-917E-1A96C8BDADC6}
	EndProjectSection
EndProject
Project("{8BC9CEB8-8B4A-11D0-8D11-00A0C91BC942}") = "llc", "..\gpk\llc\llc.vcxproj", "{830AB681-B788-47D4-9767-BA4E0792F682}"
EndProject
Project("{8BC9CEB8-8B4A-11D0-8D11-00A0C91BC942}") = "gpk", "..\gpk\gpk\gpk.vcxproj", "{39953D8D-A830-46BD-917E-1A96C8BDADC6}"
EndProject
Project("{8BC9CEB8-8B4A-11D0-8D11-00A0C91BC942}") = "dwh_interface", "dwh_interface\dwh_interface.vcxproj", "{FEF81304-3009-4A9E-B11E-95B6DF04BCF6}"
	ProjectSection(ProjectDependencies) = postProject
		{CBF2EB6D-0ABE-4D1C-B80C-0308AFC3CE5F} = {CBF2EB6D-0ABE-4D1C-B80C-0308AFC3CE5F}
		{1765BF80-3F50-4E6A-9D9B-514AEEB8E0EB} = {1765BF80-3F50-4E6A-9D9B-514AEEB8E0EB}
		{830AB681-B788-47D4-9767-BA4E0792F682} = {830AB681-B788-47D4-9767-BA4E0792F682}
		{39953D8D-A830-46BD-917E-1A96C8BDADC6} = {39953D8D-A830-46BD-917E-1A96C8BDADC6}
	EndProjectSection
EndProject
Project("{8BC9CEB8-8B4A-11D0-8D11-00A0C91BC942}") = "dwh_client", "dwh_client\dwh_client.vcxproj", "{1765BF80-3F50-4E6A-9D9B-514AEEB8E0EB}"
	ProjectSection(ProjectDependencies) = postProject
		{CBF2EB6D-0ABE-4D1C-B80C-0308AFC3CE5F} = {CBF2EB6D-0ABE-4D1C-B80C-0308AFC3CE5F}
		{830AB681-B788-47D4-9767-BA4E0792F682} = {830AB681-B788-47D4-9767-BA4E0792F682}
		{39953D8D-A830-46BD-917E-1A96C8BDADC6} = {39953D8D-A830-46BD-917E-1A96C8BDADC6}
	EndProjectSection
EndProject
Project("{8BC9CEB8-8B4A-11D0-8D11-00A0C91BC942}") = "dwh_test_db", "dwh_test_db\dwh_test_db.vcxproj", "{8B15D3E6-9F4A-47D6-A3B6-3347BDEA0FED}"
	ProjectSection(ProjectDependencies) = postProject
		{CBF2EB6D-0ABE-4D1C-B80C-0308AFC3CE5F} = {CBF2EB6D-0ABE-4D1C-B80C-0308AFC3CE5F}
		{830AB681-B788-47D4-9767-BA4E0792F682} = {830AB681-B788-47D4-9767-BA4E0792F682}
		{39953D8D-A830-46BD-917E-1A96C8BDADC6} = {39953D8D-A830-46BD-917E-1A96C8BDADC6}
	EndProjectSection
EndProject
Project("{8BC9CEB8-8B4A-11D0-8D11-00A0C91BC942}") = "dwh_test_session", "dwh_test_session\dwh_test_session.vcxproj", "{DD82516E-45EF-4DBB-9799-982E38BAF55B}"
	ProjectSection(ProjectDependencies) = postProject
		{CBF2EB6D-0ABE-4D1C-B80C-0308AFC3CE5F} = {CBF2EB6D-0ABE-4D1C-B80C-0308AFC3CE5F}
		{830AB681-B788-47D4-9767-BA4E0792F682} = {830AB681-B788-47D4-9767-BA4E0792F682}
		{39953D8D-A830-46BD-917E-1A96C8BDADC6} = {39953D8D-A830-46BD-917E-1A96C8BDADC6}
	EndProjectSection
EndProject
Global
	GlobalSection(SolutionConfigurationPlatforms) = preSolution
		Debug|x64 = Debug|x64
		Debug|x86 = Debug|x86
		Release|x64 = Release|x64
		Release|x86 = Release|x86
	EndGlobalSection
	GlobalSection(ProjectConfigurationPlatforms) = postSolution
		{CBF2EB6D-0ABE-4D1C-B80C-0308AFC3CE5F}.Debug|x64.ActiveCfg = Debug|x64
		{CBF2EB6D-0ABE-4D1C-B80C-0308AFC3CE5F}.Debug|x64.Build.0 = Debug|x64
		{CBF2EB6D-0ABE-4D1C-B80C-0308AFC3CE5F}.Debug|x86.ActiveCfg = Debug|Win32
		{CBF2EB6D-0ABE-4D1C-B80C-0308AFC3CE5F}.Debug|x86.Build.0 = Debug|Win32
		{CBF2EB6D-0ABE-4D1C-B80C-0308AFC3CE5F}.Release|x64.ActiveCfg = Release|x64
		{CBF2EB6D-0ABE-4D1C-B80C-0308AFC3CE5F}.Release|x64.Build.0 = Release|x64
		{CBF2EB6D-0ABE-4D1C-B80C-0308AFC3CE5F}.Release|x86.ActiveCfg = Release|Win32
		{CBF2EB6D-0ABE-4D1C-B80C-0308AFC3CE5F}.Release|x86.Build.0 = Release|Win32
		{FB162ACE-0D27-4C9E-B3DF-A82995CC9B18}.Debug|x64.ActiveCfg = Debug|x64
		{FB162ACE-0D27-4C9E-B3DF-A82995CC9B18}.Debug|x64.Build.0 = Debug|x64
		{FB162ACE-0D27-4C9E-B3DF-A82995CC9B18}.Debug|x86.ActiveCfg = Debug|Win32
		{FB162ACE-0D27-4C9E-B3DF-A82995CC9B18}.Debug|x86.Build.0 = Debug|Win32
		{FB162ACE-0D27-4C9E-B3DF-A82995CC9B18}.Release|x64.ActiveCfg = Release|x64
		{FB162ACE-0D27-4C9E-B3DF-A82995CC9B18}.Release|x64.Build.0 = Release|x64
		{FB162ACE-0D27-4C9E-B3DF-A82995CC9B18}.Release|x86.ActiveCfg = Release|Win32
		{FB162ACE-0D27-4C9E-B3DF-A82995CC9B18}.Release|x86.Build.0 = Release|Win32
		{21FB1C44-33E1-41A5-B4D3-54492A2FCA71}.Debug|x64.ActiveCfg = Debug|x64
		{21FB1C44-33E1-41A5-B4D3-54492A2FCA71}.Debug|x64.Build.0 = Debug|x64
		{21FB1C44-33E1-41A5-B4D3-54492A2FCA71}.Debug|x86.ActiveCfg = Debug|Win32
		{21FB1C44-33E1-41A5-B4D3-54492A2FCA71}.Debug|x86.Build.0 = Debug|Win32
		{21FB1C44-33E1-41A5-B4D3-54492A2FCA71}.Release|x64.ActiveCfg = Release|x64
		{21FB1C44-33E1-41A5-B4D3-54492A2FCA71}.Release|x64.Build.0 = Release|x64
		{21FB1C44-33E1-41A5-B4D3-54492A2FCA71}.Release|x86.ActiveCfg = Release|Win32
		{21FB1C44-33E1-41A5-B4D3-54492A2FCA71}.Release|x86.Build.0 = Release|Win32
		{697E3D7B-79B6-4347-ABD2-FE02B729BD85}.Debug|x64.ActiveCfg = Debug|x64
		{697E3D7B-79B6-4347-ABD2-FE02B729BD85}.Debug|x64.Build.0 = Debug|x64
		{697E3D7B-79B6-4347-ABD2-FE02B729BD85}.Debug|x86.ActiveCfg = Debug|Win32
		{697E3D7B-79B6-4347-ABD2-FE02B729BD85}.Debug|x86.Build.0 = Debug|Win32
		{697E3D7B-79B6-4347-ABD2-FE02B729BD85}.Release|x64.ActiveCfg = Release|x64
		{697E3D7B-79B6-4347-ABD2-FE02B729BD85}.Release|x64.Build.0 = Release|x64
		{697E3D7B-79B6-4347-ABD2-FE02B729BD85}.Release|x86.ActiveCfg = Release|Win32
		{697E3D7B-79B6-4347-ABD2-FE02B729BD85}.Release|x86.Build.0 = Release|Win32
		{732955DA-AAF3-4B2A-84C9-FAB03FAB982C}.Debug|x64.ActiveCfg = Debug|x64
		{732955DA-AAF3-4B2A-84C9-FAB03FAB982C}.Debug|x64.Build.0 = Debug|x64
		{732955DA-AAF3-4B2A-84C9-FAB03FAB982C}.Debug|x86.ActiveCfg = Debug|Win32
		{732955DA-AAF3-4B2A-84C9-FAB03FAB982C}.Debug|x86.Build.0 = Debug|Win32
		{732955DA-AAF3-4B2A-84C9-FAB03FAB982C}.Release|x64.ActiveCfg = Release|x64
		{732955DA-AAF3-4B2A-84C9-FAB03FAB982C}.Release|x64.Build.0 = Release|x64
		{732955DA-AAF3-4B2A-84C9-FAB03FAB982C}.Release|x86.ActiveCfg = Release|Win32
		{732955DA-AAF3-4B2A-84C9-FAB03FAB982C}.Release|x86.Build.0 = Release|Win32
		{A34C0AE5-B9B1-4E2D-8FCE-16925EEDA3C6}.Debug|x64.ActiveCfg = Debug|x64
		{A34C0AE5-B9B1-4E2D-8FCE-16925EEDA3C6}.Debug|x64.Build.0 = Debug|x64
		{A34C0AE5-B9B1-4E2D-8FCE-16925EEDA3C6}.Debug|x86.ActiveCfg = Debug|Win32
		{A34C0AE5-B9B1-4E2D-8FCE-16925EEDA3C6}.Debug|x86.Build.0 = Debug|Win32
		{A34C0AE5-B9B1-4E2D-8FCE-16925EEDA3C6}.Release|x64.ActiveCfg = Release|x64
		{A34C0AE5-B9B1-4E2D-8FCE-16925EEDA3C6}.Release|x64.Build.0 = Release|x64
		{A34C0AE5-B9B1-4E2D-8FCE-16925EEDA3C6}.Release|x86.ActiveCfg = Release|Win32
		{A34C0AE5-B9B1-4E2D-8FCE-16925EEDA3C6}.Release|x86.Build.0 = Release|Win32
		{9FE7ED58-B8B0-4784-91FD-4CFF6457F57B}.Debug|x64.ActiveCfg = Debug|x64
		{9FE7ED58-B8B0-4784-91FD-4CFF6457F57B}.Debug|x64.Build.0 = Debug|x64
		{9FE7ED58-B8B0-4784-91FD-4CFF6457F57B}.Debug|x86.ActiveCfg = Debug|Win32
		{9FE7ED58-B8B0-4784-91FD-4CFF6457F57B}.Debug|x86.Build.0 = Debug|Win32
		{9FE7ED58-B8B0-4784-91FD-4CFF6457F57B}.Release|x64.ActiveCfg = Release|x64
		{9FE7ED58-B8B0-4784-91FD-4CFF6457F57B}.Release|x64.Build.0 = Release|x64
		{9FE7ED58-B8B0-4784-91FD-4CFF6457F57B}.Release|x86.ActiveCfg = Release|Win32
		{9FE7ED58-B8B0-4784-91FD-4CFF6457F57B}.Release|x86.Build.0 = Release|Win32
		{830AB681-B788-47D4-9767-BA4E0792F682}.Debug|x64.ActiveCfg = Debug|x64
		{830AB681-B788-47D4-9767-BA4E0792F682}.Debug|x64.Build.0 = Debug|x64
		{830AB681-B788-47D4-9767-BA4E0792F682}.Debug|x86.ActiveCfg = Debug|Win32
		{830AB681-B788-47D4-9767-BA4E0792F682}.Debug|x86.Build.0 = Debug|Win32
		{830AB681-B788-47D4-9767-BA4E0792F682}.Release|x64.ActiveCfg = Release|x64
		{830AB681-B788-47D4-9767-BA4E0792F682}.Release|x64.Build.0 = Release|x64
		{830AB681-B788-47D4-9767-BA4E0792F682}.Release|x86.ActiveCfg = Release|Win32
		{830AB681-B788-47D4-9767-BA4E0792F682}.Release|x86.Build.0 = Release|Win32
		{39953D8D-A830-46BD-917E-1A96C8BDADC6}.Debug|x64.ActiveCfg = Debug|x64
		{39953D8D-A830-46BD-917E-1A96C8BDADC6}.Debug|x64.Build.0 = Debug|x64
		{39953D8D-A830-46BD-917E-1A96C8BDADC6}.Debug|x86.ActiveCfg = Debug|Win32
		{39953D8D-A830-46BD-917E-1A96C8BDADC6}.Debug|x86.Build.0 = Debug|Win32
		{39953D8D-A830-46BD-917E-1A96C8BDADC6}.Release|x64.ActiveCfg = Release|x64
		{39953D8D-A830-46BD-917E-1A96C8BDADC6}.Release|x64.Build.0 = Release|x64
		{39953D8D-A830-46BD-917E-1A96C8BDADC6}.Release|x86.ActiveCfg = Release|Win32
		{39953D8D-A830-46BD-917E-1A96C8BDADC6}.Release|x86.Build.0 = Release|Win32
		{FEF81304-3009-4A9E-B11E-95B6DF04BCF6}.Debug|x64.ActiveCfg = Debug|x64
		{FEF81304-3009-4A9E-B11E-95B6DF04BCF6}.Debug|x64.Build.0 = Debug|x64
		{FEF81304-3009-4A9E-B11E-95B6DF04BCF6}.Debug|x86.ActiveCfg = Debug|Win32
		{FEF81304-3009-4A9E-B11E-95B6DF04BCF6}.Debug|x86.Build.0 = Debug|Win32
		{FEF81304-3009-4A9E-B11E-95B6DF04BCF6}.Release|x64.ActiveCfg = Release|x64
		{FEF81304-3009-4A9E-B11E-95B6DF04BCF6}.Release|x64.Build.0 = Release|x64
		{FEF81304-3009-4A9E-B11E-95B6DF04BCF6}.Release|x86.ActiveCfg = Release|Win32
		{FEF81304-3009-4A9E-B11E-95B6DF04BCF6}.Release|x86.Build.0 = Release|Win32
		{1765BF80-3F50-4E6A-9D9B-514AEEB8E0EB}.Debug|x64.ActiveCfg = Debug|x64
		{1765BF80-3F50-4E6A-9D9B-514AEEB8E0EB}.Debug|x64.Build.0 = Debug|x64
		{1765BF80-3F50-4E6A-9D9B-514AEEB8E0EB}.Debug|x86.ActiveCfg = Debug|Win32
		{1765BF80-3F50-4E6A-9D9B-514AEEB8E0EB}.Debug|x86.Build.0 = Debug|Win32
		{1765BF80-3F50-4E6A-9D9B-514AEEB8E0EB}.Release|x64.ActiveCfg = Release|x64
		{1765BF80-3F50-4E6A-9D9B-514AEEB8E0EB}.Release|x64.Build.0 = Release|x64
		{1765BF80-3F50-4E6A-9D9B-514AEEB8E0EB}.Release|x86.ActiveCfg = Release|Win32
		{1765BF80-3F50-4E6A-9D9B-514AEEB8E0EB}.Release|x86.Build.0 = Release|Win32
		{8B15D3E6-9F4A-47D6-A3B6-3347BDEA0FED}.Debug|x64.ActiveCfg = Debug|x64
		{8B15D3E6-9F4A-47D6-A3B6-3347BDEA0FED}.Debug|x64.Build.0 = Debug|x64
		{8B15D3E6-9F4A-47D6-A3B6-3347BDEA0FED}.Debug|x86.ActiveCfg = Debug|Win32
		{8B15D3E6-9F4A-47D6-A3B6-3347BDEA0FED}.Debug|x86.Build.0 = Debug|Win32
		{8B15D3E6-9F4A-47D6-A3B6-3347BDEA0FED}.Release|x64.ActiveCfg = Release|x64
		{8B15D3E6-9F4A-47D6-A3B6-3347BDEA0FED}.Release|x64.Build.0 = Release|x64
		{8B15D3E6-9F4A-47D6-A3B6-3347BDEA0FED}.Release|x86.ActiveCfg = Release|Win32
		{8B15D3E6-9F4A-47D6-A3B6-3347BDEA0FED}.Release|x86.Build.0 = Release|Win32
		{DD82516E-45EF-4DBB-9799-982E38BAF55B}.Debug|x64.ActiveCfg = Debug|x64
		{DD82516E-45EF-4DBB-9799-982E38BAF55B}.Debug|x64.Build.0 = Debug|x64
		{DD82516E-45EF-4DBB-9799-982E38BAF55B}.Debug|x86.ActiveCfg = Debug|Win32
		{DD82516E-45EF-4DBB-9799-982E38BAF55B}.Debug|x86.Build.0 = Debug|Win32
		{DD82516E-45EF-4DBB-9799-982E38BAF55B}.Release|x64.ActiveCfg = Release|x64
		{DD82516E-45EF-4DBB-9799-982E38BAF55B}.Release|x64.Build.0 = Release|x64
		{DD82516E-45EF-4DBB-9799-982E38BAF55B}.Release|x86.ActiveCfg = Release|Win32
		{DD82516E-45EF-4DBB-9799-982E38BAF55B}.Release|x86.Build.0 = Release|Win32
	EndGlobalSection
	GlobalSection(SolutionProperties) = preSolution
		HideSolutionNode = FALSE
	EndGlobalSection
	GlobalSection(ExtensibilityGlobals) = postSolution
		SolutionGuid = {35EAD58D-D99B-45E4-B4E4-C418DD99FFB6}
	EndGlobalSection
EndGlobal
